
Microsoft Visual Studio Solution File, Format Version 11.00
# Visual Studio 2010
Project("{FAE04EC0-301F-11D3-BF4B-00C04F79EFBC}") = "PodcastUtilitiesTests", "PodcastUtilitiesTests.csproj", "{DCE3878C-72E1-4FF8-92E1-36EA0708D767}"
EndProject
Global
	GlobalSection(SolutionConfigurationPlatforms) = preSolution
		Debug|Any CPU = Debug|Any CPU
		Release|Any CPU = Release|Any CPU
	EndGlobalSection
	GlobalSection(ProjectConfigurationPlatforms) = postSolution
		{DCE3878C-72E1-4FF8-92E1-36EA0708D767}.Debug|Any CPU.ActiveCfg = Debug|Any CPU
		{DCE3878C-72E1-4FF8-92E1-36EA0708D767}.Debug|Any CPU.Build.0 = Debug|Any CPU
		{DCE3878C-72E1-4FF8-92E1-36EA0708D767}.Release|Any CPU.ActiveCfg = Release|Any CPU
		{DCE3878C-72E1-4FF8-92E1-36EA0708D767}.Release|Any CPU.Build.0 = Release|Any CPU
	EndGlobalSection
	GlobalSection(SolutionProperties) = preSolution
		HideSolutionNode = FALSE
	EndGlobalSection
EndGlobal
